
Microsoft Visual Studio Solution File, Format Version 12.00
Project("{FAE04EC0-301F-11D3-BF4B-00C04F79EFBC}") = "SpecFlowCalculator", "SpecFlowCalculator\SpecFlowCalculator.csproj", "{98D8AD8B-C973-4BB7-8586-5A2510B8ABB3}"
EndProject
Project("{FAE04EC0-301F-11D3-BF4B-00C04F79EFBC}") = "SpecFlowCalculator.Specs", "SpecFlowCalculator.Specs\SpecFlowCalculator.Specs.csproj", "{EEB6E956-A453-4C4D-B8DB-46BC994F5294}"
EndProject
Global
	GlobalSection(SolutionConfigurationPlatforms) = preSolution
		Debug|Any CPU = Debug|Any CPU
		Release|Any CPU = Release|Any CPU
	EndGlobalSection
	GlobalSection(ProjectConfigurationPlatforms) = postSolution
		{98D8AD8B-C973-4BB7-8586-5A2510B8ABB3}.Debug|Any CPU.ActiveCfg = Debug|Any CPU
		{98D8AD8B-C973-4BB7-8586-5A2510B8ABB3}.Debug|Any CPU.Build.0 = Debug|Any CPU
		{98D8AD8B-C973-4BB7-8586-5A2510B8ABB3}.Release|Any CPU.ActiveCfg = Release|Any CPU
		{98D8AD8B-C973-4BB7-8586-5A2510B8ABB3}.Release|Any CPU.Build.0 = Release|Any CPU
		{EEB6E956-A453-4C4D-B8DB-46BC994F5294}.Debug|Any CPU.ActiveCfg = Debug|Any CPU
		{EEB6E956-A453-4C4D-B8DB-46BC994F5294}.Debug|Any CPU.Build.0 = Debug|Any CPU
		{EEB6E956-A453-4C4D-B8DB-46BC994F5294}.Release|Any CPU.ActiveCfg = Release|Any CPU
		{EEB6E956-A453-4C4D-B8DB-46BC994F5294}.Release|Any CPU.Build.0 = Release|Any CPU
	EndGlobalSection
EndGlobal
